
Microsoft Visual Studio Solution File, Format Version 12.00
# Visual Studio Version 17
VisualStudioVersion = 17.0.32014.148
MinimumVisualStudioVersion = 10.0.40219.1
Project("{FAE04EC0-301F-11D3-BF4B-00C04F79EFBC}") = "z3testps", "z3testps\z3testps.csproj", "{358F982F-8B40-465D-865D-6F6AE3B9CB4D}"
EndProject
Global
	GlobalSection(SolutionConfigurationPlatforms) = preSolution
		Debug|Any CPU = Debug|Any CPU
		Release|Any CPU = Release|Any CPU
	EndGlobalSection
	GlobalSection(ProjectConfigurationPlatforms) = postSolution
		{358F982F-8B40-465D-865D-6F6AE3B9CB4D}.Debug|Any CPU.ActiveCfg = Debug|Any CPU
		{358F982F-8B40-465D-865D-6F6AE3B9CB4D}.Debug|Any CPU.Build.0 = Debug|Any CPU
		{358F982F-8B40-465D-865D-6F6AE3B9CB4D}.Release|Any CPU.ActiveCfg = Release|Any CPU
		{358F982F-8B40-465D-865D-6F6AE3B9CB4D}.Release|Any CPU.Build.0 = Release|Any CPU
	EndGlobalSection
	GlobalSection(SolutionProperties) = preSolution
		HideSolutionNode = FALSE
	EndGlobalSection
	GlobalSection(ExtensibilityGlobals) = postSolution
		SolutionGuid = {AD8590FE-0415-412F-B542-C2CF9D7DD53B}
	EndGlobalSection
EndGlobal
